
Microsoft Visual Studio Solution File, Format Version 12.00
# Visual Studio 15
VisualStudioVersion = 15.0.27428.2015
MinimumVisualStudioVersion = 10.0.40219.1
Project("{FAE04EC0-301F-11D3-BF4B-00C04F79EFBC}") = "ValidateContract", "ValidateContract\ValidateContract.csproj", "{D880E7C3-8095-4D37-833E-B50CDE3E934E}"
EndProject
Global
	GlobalSection(SolutionConfigurationPlatforms) = preSolution
		Debug|Any CPU = Debug|Any CPU
		Release|Any CPU = Release|Any CPU
	EndGlobalSection
	GlobalSection(ProjectConfigurationPlatforms) = postSolution
		{D880E7C3-8095-4D37-833E-B50CDE3E934E}.Debug|Any CPU.ActiveCfg = Debug|Any CPU
		{D880E7C3-8095-4D37-833E-B50CDE3E934E}.Debug|Any CPU.Build.0 = Debug|Any CPU
		{D880E7C3-8095-4D37-833E-B50CDE3E934E}.Release|Any CPU.ActiveCfg = Release|Any CPU
		{D880E7C3-8095-4D37-833E-B50CDE3E934E}.Release|Any CPU.Build.0 = Release|Any CPU
	EndGlobalSection
	GlobalSection(SolutionProperties) = preSolution
		HideSolutionNode = FALSE
	EndGlobalSection
	GlobalSection(ExtensibilityGlobals) = postSolution
		SolutionGuid = {1141A515-68D9-46B3-95E7-6078D77F499A}
	EndGlobalSection
EndGlobal
