
Microsoft Visual Studio Solution File, Format Version 12.00
# Visual Studio 15
VisualStudioVersion = 15.0.27428.2015
MinimumVisualStudioVersion = 10.0.40219.1
Project("{FAE04EC0-301F-11D3-BF4B-00C04F79EFBC}") = "TransferContract", "TransferContract\TransferContract.csproj", "{C629DE3E-3E7B-43AC-9199-ABE679C5DC95}"
EndProject
Global
	GlobalSection(SolutionConfigurationPlatforms) = preSolution
		Debug|Any CPU = Debug|Any CPU
		Release|Any CPU = Release|Any CPU
	EndGlobalSection
	GlobalSection(ProjectConfigurationPlatforms) = postSolution
		{C629DE3E-3E7B-43AC-9199-ABE679C5DC95}.Debug|Any CPU.ActiveCfg = Debug|Any CPU
		{C629DE3E-3E7B-43AC-9199-ABE679C5DC95}.Debug|Any CPU.Build.0 = Debug|Any CPU
		{C629DE3E-3E7B-43AC-9199-ABE679C5DC95}.Release|Any CPU.ActiveCfg = Release|Any CPU
		{C629DE3E-3E7B-43AC-9199-ABE679C5DC95}.Release|Any CPU.Build.0 = Release|Any CPU
	EndGlobalSection
	GlobalSection(SolutionProperties) = preSolution
		HideSolutionNode = FALSE
	EndGlobalSection
	GlobalSection(ExtensibilityGlobals) = postSolution
		SolutionGuid = {6F80F170-2088-4C31-ADF1-5F748755B8D6}
	EndGlobalSection
EndGlobal
